// !$*UTF8*$!
{
	archiveVersion = 1;
	classes = {
	};
	objectVersion = 77;
	objects = {

/* Begin PBXBuildFile section */
		CE168CA42D700D280046029B /* ToDoListItem.swift in Sources */ = {isa = PBXBuildFile; fileRef = CE168CA32D700D280046029B /* ToDoListItem.swift */; };
		CE168CA62D70146C0046029B /* FloatingButton.swift in Sources */ = {isa = PBXBuildFile; fileRef = CE168CA52D70146C0046029B /* FloatingButton.swift */; };
		CE168CA82D701D2F0046029B /* TextFieldAlertModifier.swift in Sources */ = {isa = PBXBuildFile; fileRef = CE168CA72D701D2F0046029B /* TextFieldAlertModifier.swift */; };
		CE168CAA2D7031C90046029B /* CustomList.swift in Sources */ = {isa = PBXBuildFile; fileRef = CE168CA92D7031C90046029B /* CustomList.swift */; };
		CE168CAD2D703D090046029B /* SwiftUITabView in Frameworks */ = {isa = PBXBuildFile; productRef = CE168CAC2D703D090046029B /* SwiftUITabView */; };
		CE168CAF2D7043890046029B /* CustomAlert.swift in Sources */ = {isa = PBXBuildFile; fileRef = CE168CAE2D7043890046029B /* CustomAlert.swift */; };
		CEB70BE22D6EBF0A00616ECF /* Preview Assets.xcassets in Resources */ = {isa = PBXBuildFile; fileRef = CEB70BDB2D6EBF0A00616ECF /* Preview Assets.xcassets */; };
		CEB70BE32D6EBF0A00616ECF /* Assets.xcassets in Resources */ = {isa = PBXBuildFile; fileRef = CEB70BDD2D6EBF0A00616ECF /* Assets.xcassets */; };
		CEB70BE62D6EBF0A00616ECF /* SwiftUIToDoListApp.swift in Sources */ = {isa = PBXBuildFile; fileRef = CEB70BE02D6EBF0A00616ECF /* SwiftUIToDoListApp.swift */; };
		CEB70C022D6ED2EB00616ECF /* InitialView.swift in Sources */ = {isa = PBXBuildFile; fileRef = CEB70C012D6ED2EB00616ECF /* InitialView.swift */; };
		CEB70C052D6ED31200616ECF /* HomeView.swift in Sources */ = {isa = PBXBuildFile; fileRef = CEB70C042D6ED31200616ECF /* HomeView.swift */; };
		CEB70C072D6ED32C00616ECF /* TabManageView.swift in Sources */ = {isa = PBXBuildFile; fileRef = CEB70C062D6ED32C00616ECF /* TabManageView.swift */; };
		CEB70C0D2D6ED3D500616ECF /* ScreenID.swift in Sources */ = {isa = PBXBuildFile; fileRef = CEB70C0C2D6ED3CF00616ECF /* ScreenID.swift */; };
		CEB70C0F2D6ED41F00616ECF /* NavigationItem.swift in Sources */ = {isa = PBXBuildFile; fileRef = CEB70C0E2D6ED41B00616ECF /* NavigationItem.swift */; };
		CEB70C112D6ED4C500616ECF /* MainStack.swift in Sources */ = {isa = PBXBuildFile; fileRef = CEB70C102D6ED4C500616ECF /* MainStack.swift */; };
		CEB70C152D6EED9000616ECF /* NavigationBarModifier.swift in Sources */ = {isa = PBXBuildFile; fileRef = CEB70C142D6EED8600616ECF /* NavigationBarModifier.swift */; };
		CED1BFEB2D728A910068AEF1 /* ToDoTaskService.swift in Sources */ = {isa = PBXBuildFile; fileRef = CED1BFEA2D728A890068AEF1 /* ToDoTaskService.swift */; };
		CED1BFEF2D729A8A0068AEF1 /* InitialTabData.swift in Sources */ = {isa = PBXBuildFile; fileRef = CED1BFED2D729A8A0068AEF1 /* InitialTabData.swift */; };
		CED1BFF02D729A8A0068AEF1 /* InitialTodoData.swift in Sources */ = {isa = PBXBuildFile; fileRef = CED1BFEE2D729A8A0068AEF1 /* InitialTodoData.swift */; };
		CED1BFF22D72A5010068AEF1 /* LaunchScreen.storyboard in Resources */ = {isa = PBXBuildFile; fileRef = CED1BFF12D72A5010068AEF1 /* LaunchScreen.storyboard */; };
		CEFF5D172D714C050073113A /* SwiftDataService.swift in Sources */ = {isa = PBXBuildFile; fileRef = CEFF5D162D714BFF0073113A /* SwiftDataService.swift */; };
		CEFF5D1A2D7150040073113A /* ToDoTab.swift in Sources */ = {isa = PBXBuildFile; fileRef = CEFF5D192D714FFE0073113A /* ToDoTab.swift */; };
		CEFF5D1C2D7151800073113A /* ToDoTask.swift in Sources */ = {isa = PBXBuildFile; fileRef = CEFF5D1B2D71517C0073113A /* ToDoTask.swift */; };
		CEFF5D212D716CF00073113A /* ToDoTabService.swift in Sources */ = {isa = PBXBuildFile; fileRef = CEFF5D202D716CE90073113A /* ToDoTabService.swift */; };
/* End PBXBuildFile section */

/* Begin PBXFileReference section */
		CE168CA32D700D280046029B /* ToDoListItem.swift */ = {isa = PBXFileReference; lastKnownFileType = sourcecode.swift; path = ToDoListItem.swift; sourceTree = "<group>"; };
		CE168CA52D70146C0046029B /* FloatingButton.swift */ = {isa = PBXFileReference; lastKnownFileType = sourcecode.swift; path = FloatingButton.swift; sourceTree = "<group>"; };
		CE168CA72D701D2F0046029B /* TextFieldAlertModifier.swift */ = {isa = PBXFileReference; lastKnownFileType = sourcecode.swift; path = TextFieldAlertModifier.swift; sourceTree = "<group>"; };
		CE168CA92D7031C90046029B /* CustomList.swift */ = {isa = PBXFileReference; lastKnownFileType = sourcecode.swift; path = CustomList.swift; sourceTree = "<group>"; };
		CE168CAE2D7043890046029B /* CustomAlert.swift */ = {isa = PBXFileReference; lastKnownFileType = sourcecode.swift; path = CustomAlert.swift; sourceTree = "<group>"; };
		CE4ABC8C2D6EBB6B003C0682 /* SwiftUIToDoList.app */ = {isa = PBXFileReference; explicitFileType = wrapper.application; includeInIndex = 0; path = SwiftUIToDoList.app; sourceTree = BUILT_PRODUCTS_DIR; };
		CEB70BDB2D6EBF0A00616ECF /* Preview Assets.xcassets */ = {isa = PBXFileReference; lastKnownFileType = folder.assetcatalog; path = "Preview Assets.xcassets"; sourceTree = "<group>"; };
		CEB70BDD2D6EBF0A00616ECF /* Assets.xcassets */ = {isa = PBXFileReference; lastKnownFileType = folder.assetcatalog; path = Assets.xcassets; sourceTree = "<group>"; };
		CEB70BE02D6EBF0A00616ECF /* SwiftUIToDoListApp.swift */ = {isa = PBXFileReference; lastKnownFileType = sourcecode.swift; path = SwiftUIToDoListApp.swift; sourceTree = "<group>"; };
		CEB70C012D6ED2EB00616ECF /* InitialView.swift */ = {isa = PBXFileReference; lastKnownFileType = sourcecode.swift; path = InitialView.swift; sourceTree = "<group>"; };
		CEB70C042D6ED31200616ECF /* HomeView.swift */ = {isa = PBXFileReference; lastKnownFileType = sourcecode.swift; path = HomeView.swift; sourceTree = "<group>"; };
		CEB70C062D6ED32C00616ECF /* TabManageView.swift */ = {isa = PBXFileReference; lastKnownFileType = sourcecode.swift; path = TabManageView.swift; sourceTree = "<group>"; };
		CEB70C0C2D6ED3CF00616ECF /* ScreenID.swift */ = {isa = PBXFileReference; lastKnownFileType = sourcecode.swift; path = ScreenID.swift; sourceTree = "<group>"; };
		CEB70C0E2D6ED41B00616ECF /* NavigationItem.swift */ = {isa = PBXFileReference; lastKnownFileType = sourcecode.swift; path = NavigationItem.swift; sourceTree = "<group>"; };
		CEB70C102D6ED4C500616ECF /* MainStack.swift */ = {isa = PBXFileReference; lastKnownFileType = sourcecode.swift; path = MainStack.swift; sourceTree = "<group>"; };
		CEB70C142D6EED8600616ECF /* NavigationBarModifier.swift */ = {isa = PBXFileReference; lastKnownFileType = sourcecode.swift; path = NavigationBarModifier.swift; sourceTree = "<group>"; };
		CED1BFEA2D728A890068AEF1 /* ToDoTaskService.swift */ = {isa = PBXFileReference; lastKnownFileType = sourcecode.swift; path = ToDoTaskService.swift; sourceTree = "<group>"; };
		CED1BFED2D729A8A0068AEF1 /* InitialTabData.swift */ = {isa = PBXFileReference; lastKnownFileType = sourcecode.swift; path = InitialTabData.swift; sourceTree = "<group>"; };
		CED1BFEE2D729A8A0068AEF1 /* InitialTodoData.swift */ = {isa = PBXFileReference; lastKnownFileType = sourcecode.swift; path = InitialTodoData.swift; sourceTree = "<group>"; };
		CED1BFF12D72A5010068AEF1 /* LaunchScreen.storyboard */ = {isa = PBXFileReference; lastKnownFileType = file.storyboard; path = LaunchScreen.storyboard; sourceTree = "<group>"; };
		CED1BFF32D72A90E0068AEF1 /* Info.plist */ = {isa = PBXFileReference; lastKnownFileType = text.plist; path = Info.plist; sourceTree = "<group>"; };
		CEFF5D162D714BFF0073113A /* SwiftDataService.swift */ = {isa = PBXFileReference; lastKnownFileType = sourcecode.swift; path = SwiftDataService.swift; sourceTree = "<group>"; };
		CEFF5D192D714FFE0073113A /* ToDoTab.swift */ = {isa = PBXFileReference; lastKnownFileType = sourcecode.swift; path = ToDoTab.swift; sourceTree = "<group>"; };
		CEFF5D1B2D71517C0073113A /* ToDoTask.swift */ = {isa = PBXFileReference; lastKnownFileType = sourcecode.swift; path = ToDoTask.swift; sourceTree = "<group>"; };
		CEFF5D202D716CE90073113A /* ToDoTabService.swift */ = {isa = PBXFileReference; lastKnownFileType = sourcecode.swift; path = ToDoTabService.swift; sourceTree = "<group>"; };
/* End PBXFileReference section */

/* Begin PBXFrameworksBuildPhase section */
		CE4ABC892D6EBB6B003C0682 /* Frameworks */ = {
			isa = PBXFrameworksBuildPhase;
			buildActionMask = 2147483647;
			files = (
				CE168CAD2D703D090046029B /* SwiftUITabView in Frameworks */,
			);
			runOnlyForDeploymentPostprocessing = 0;
		};
/* End PBXFrameworksBuildPhase section */

/* Begin PBXGroup section */
		CE168CA22D700CFC0046029B /* Components */ = {
			isa = PBXGroup;
			children = (
				CE168CA32D700D280046029B /* ToDoListItem.swift */,
				CE168CA52D70146C0046029B /* FloatingButton.swift */,
				CE168CA72D701D2F0046029B /* TextFieldAlertModifier.swift */,
				CE168CA92D7031C90046029B /* CustomList.swift */,
				CE168CAE2D7043890046029B /* CustomAlert.swift */,
			);
			path = Components;
			sourceTree = "<group>";
		};
		CE4ABC832D6EBB6B003C0682 = {
			isa = PBXGroup;
			children = (
				CEB70BE12D6EBF0A00616ECF /* SwiftUIToDoList */,
				CE4ABC8D2D6EBB6B003C0682 /* Products */,
			);
			sourceTree = "<group>";
		};
		CE4ABC8D2D6EBB6B003C0682 /* Products */ = {
			isa = PBXGroup;
			children = (
				CE4ABC8C2D6EBB6B003C0682 /* SwiftUIToDoList.app */,
			);
			name = Products;
			sourceTree = "<group>";
		};
		CEB70BDC2D6EBF0A00616ECF /* Preview Content */ = {
			isa = PBXGroup;
			children = (
				CEB70BDB2D6EBF0A00616ECF /* Preview Assets.xcassets */,
			);
			path = "Preview Content";
			sourceTree = "<group>";
		};
		CEB70BE12D6EBF0A00616ECF /* SwiftUIToDoList */ = {
			isa = PBXGroup;
			children = (
				CED1BFF32D72A90E0068AEF1 /* Info.plist */,
				CEB70BDC2D6EBF0A00616ECF /* Preview Content */,
				CEB70BDD2D6EBF0A00616ECF /* Assets.xcassets */,
				CED1BFF12D72A5010068AEF1 /* LaunchScreen.storyboard */,
				CEB70BE02D6EBF0A00616ECF /* SwiftUIToDoListApp.swift */,
				CEB70BFF2D6ED2C700616ECF /* Screens */,
				CE168CA22D700CFC0046029B /* Components */,
				CEFF5D1F2D716CDB0073113A /* Services */,
				CEFF5D142D714BCF0073113A /* SwiftData */,
			);
			path = SwiftUIToDoList;
			sourceTree = "<group>";
		};
		CEB70BFF2D6ED2C700616ECF /* Screens */ = {
			isa = PBXGroup;
			children = (
				CEB70C092D6ED3A800616ECF /* Navigation */,
				CEB70C132D6EED6200616ECF /* Layouts */,
				CEB70C002D6ED2CF00616ECF /* Views */,
			);
			path = Screens;
			sourceTree = "<group>";
		};
		CEB70C002D6ED2CF00616ECF /* Views */ = {
			isa = PBXGroup;
			children = (
				CEB70C012D6ED2EB00616ECF /* InitialView.swift */,
				CEB70C032D6ED30000616ECF /* Main */,
			);
			path = Views;
			sourceTree = "<group>";
		};
		CEB70C032D6ED30000616ECF /* Main */ = {
			isa = PBXGroup;
			children = (
				CEB70C102D6ED4C500616ECF /* MainStack.swift */,
				CEB70C042D6ED31200616ECF /* HomeView.swift */,
				CEB70C062D6ED32C00616ECF /* TabManageView.swift */,
			);
			path = Main;
			sourceTree = "<group>";
		};
		CEB70C092D6ED3A800616ECF /* Navigation */ = {
			isa = PBXGroup;
			children = (
				CEB70C0C2D6ED3CF00616ECF /* ScreenID.swift */,
				CEB70C0E2D6ED41B00616ECF /* NavigationItem.swift */,
			);
			path = Navigation;
			sourceTree = "<group>";
		};
		CEB70C132D6EED6200616ECF /* Layouts */ = {
			isa = PBXGroup;
			children = (
				CEB70C142D6EED8600616ECF /* NavigationBarModifier.swift */,
			);
			path = Layouts;
			sourceTree = "<group>";
		};
		CED1BFEC2D729A6B0068AEF1 /* Data */ = {
			isa = PBXGroup;
			children = (
				CED1BFED2D729A8A0068AEF1 /* InitialTabData.swift */,
				CED1BFEE2D729A8A0068AEF1 /* InitialTodoData.swift */,
			);
			path = Data;
			sourceTree = "<group>";
		};
		CEFF5D142D714BCF0073113A /* SwiftData */ = {
			isa = PBXGroup;
			children = (
				CED1BFEC2D729A6B0068AEF1 /* Data */,
				CEFF5D182D714FF60073113A /* Models */,
				CEFF5D152D714BF50073113A /* Services */,
			);
			path = SwiftData;
			sourceTree = "<group>";
		};
		CEFF5D152D714BF50073113A /* Services */ = {
			isa = PBXGroup;
			children = (
				CEFF5D162D714BFF0073113A /* SwiftDataService.swift */,
			);
			path = Services;
			sourceTree = "<group>";
		};
		CEFF5D182D714FF60073113A /* Models */ = {
			isa = PBXGroup;
			children = (
				CEFF5D192D714FFE0073113A /* ToDoTab.swift */,
				CEFF5D1B2D71517C0073113A /* ToDoTask.swift */,
			);
			path = Models;
			sourceTree = "<group>";
		};
		CEFF5D1F2D716CDB0073113A /* Services */ = {
			isa = PBXGroup;
			children = (
				CEFF5D202D716CE90073113A /* ToDoTabService.swift */,
				CED1BFEA2D728A890068AEF1 /* ToDoTaskService.swift */,
			);
			path = Services;
			sourceTree = "<group>";
		};
/* End PBXGroup section */

/* Begin PBXNativeTarget section */
		CE4ABC8B2D6EBB6B003C0682 /* SwiftUIToDoList */ = {
			isa = PBXNativeTarget;
			buildConfigurationList = CE4ABC9C2D6EBB6B003C0682 /* Build configuration list for PBXNativeTarget "SwiftUIToDoList" */;
			buildPhases = (
				CE4ABC882D6EBB6B003C0682 /* Sources */,
				CE4ABC892D6EBB6B003C0682 /* Frameworks */,
				CE4ABC8A2D6EBB6B003C0682 /* Resources */,
			);
			buildRules = (
			);
			dependencies = (
			);
			name = SwiftUIToDoList;
			packageProductDependencies = (
				CE168CAC2D703D090046029B /* SwiftUITabView */,
			);
			productName = SwiftUIToDoList;
			productReference = CE4ABC8C2D6EBB6B003C0682 /* SwiftUIToDoList.app */;
			productType = "com.apple.product-type.application";
		};
/* End PBXNativeTarget section */

/* Begin PBXProject section */
		CE4ABC842D6EBB6B003C0682 /* Project object */ = {
			isa = PBXProject;
			attributes = {
				BuildIndependentTargetsInParallel = 1;
				LastSwiftUpdateCheck = 1620;
				LastUpgradeCheck = 1620;
				TargetAttributes = {
					CE4ABC8B2D6EBB6B003C0682 = {
						CreatedOnToolsVersion = 16.2;
					};
				};
			};
			buildConfigurationList = CE4ABC872D6EBB6B003C0682 /* Build configuration list for PBXProject "SwiftUIToDoList" */;
			developmentRegion = ja;
			hasScannedForEncodings = 0;
			knownRegions = (
				Base,
				ja,
			);
			mainGroup = CE4ABC832D6EBB6B003C0682;
			minimizedProjectReferenceProxies = 1;
			packageReferences = (
				CE168CAB2D703D090046029B /* XCRemoteSwiftPackageReference "SwiftUITabView" */,
			);
			preferredProjectObjectVersion = 77;
			productRefGroup = CE4ABC8D2D6EBB6B003C0682 /* Products */;
			projectDirPath = "";
			projectRoot = "";
			targets = (
				CE4ABC8B2D6EBB6B003C0682 /* SwiftUIToDoList */,
			);
		};
/* End PBXProject section */

/* Begin PBXResourcesBuildPhase section */
		CE4ABC8A2D6EBB6B003C0682 /* Resources */ = {
			isa = PBXResourcesBuildPhase;
			buildActionMask = 2147483647;
			files = (
				CED1BFF22D72A5010068AEF1 /* LaunchScreen.storyboard in Resources */,
				CEB70BE22D6EBF0A00616ECF /* Preview Assets.xcassets in Resources */,
				CEB70BE32D6EBF0A00616ECF /* Assets.xcassets in Resources */,
			);
			runOnlyForDeploymentPostprocessing = 0;
		};
/* End PBXResourcesBuildPhase section */

/* Begin PBXSourcesBuildPhase section */
		CE4ABC882D6EBB6B003C0682 /* Sources */ = {
			isa = PBXSourcesBuildPhase;
			buildActionMask = 2147483647;
			files = (
				CEB70C022D6ED2EB00616ECF /* InitialView.swift in Sources */,
				CEB70C052D6ED31200616ECF /* HomeView.swift in Sources */,
				CEFF5D1C2D7151800073113A /* ToDoTask.swift in Sources */,
				CEB70C152D6EED9000616ECF /* NavigationBarModifier.swift in Sources */,
				CEB70BE62D6EBF0A00616ECF /* SwiftUIToDoListApp.swift in Sources */,
				CE168CA82D701D2F0046029B /* TextFieldAlertModifier.swift in Sources */,
				CEFF5D212D716CF00073113A /* ToDoTabService.swift in Sources */,
				CEB70C0D2D6ED3D500616ECF /* ScreenID.swift in Sources */,
				CEB70C112D6ED4C500616ECF /* MainStack.swift in Sources */,
				CEFF5D172D714C050073113A /* SwiftDataService.swift in Sources */,
				CED1BFEF2D729A8A0068AEF1 /* InitialTabData.swift in Sources */,
				CED1BFF02D729A8A0068AEF1 /* InitialTodoData.swift in Sources */,
				CEB70C0F2D6ED41F00616ECF /* NavigationItem.swift in Sources */,
				CE168CA62D70146C0046029B /* FloatingButton.swift in Sources */,
				CEB70C072D6ED32C00616ECF /* TabManageView.swift in Sources */,
				CE168CAF2D7043890046029B /* CustomAlert.swift in Sources */,
				CED1BFEB2D728A910068AEF1 /* ToDoTaskService.swift in Sources */,
				CE168CAA2D7031C90046029B /* CustomList.swift in Sources */,
				CEFF5D1A2D7150040073113A /* ToDoTab.swift in Sources */,
				CE168CA42D700D280046029B /* ToDoListItem.swift in Sources */,
			);
			runOnlyForDeploymentPostprocessing = 0;
		};
/* End PBXSourcesBuildPhase section */

/* Begin XCBuildConfiguration section */
		CE4ABC9A2D6EBB6B003C0682 /* Debug */ = {
			isa = XCBuildConfiguration;
			buildSettings = {
				ALWAYS_SEARCH_USER_PATHS = NO;
				ASSETCATALOG_COMPILER_GENERATE_SWIFT_ASSET_SYMBOL_EXTENSIONS = YES;
				CLANG_ANALYZER_NONNULL = YES;
				CLANG_ANALYZER_NUMBER_OBJECT_CONVERSION = YES_AGGRESSIVE;
				CLANG_CXX_LANGUAGE_STANDARD = "gnu++20";
				CLANG_ENABLE_MODULES = YES;
				CLANG_ENABLE_OBJC_ARC = YES;
				CLANG_ENABLE_OBJC_WEAK = YES;
				CLANG_WARN_BLOCK_CAPTURE_AUTORELEASING = YES;
				CLANG_WARN_BOOL_CONVERSION = YES;
				CLANG_WARN_COMMA = YES;
				CLANG_WARN_CONSTANT_CONVERSION = YES;
				CLANG_WARN_DEPRECATED_OBJC_IMPLEMENTATIONS = YES;
				CLANG_WARN_DIRECT_OBJC_ISA_USAGE = YES_ERROR;
				CLANG_WARN_DOCUMENTATION_COMMENTS = YES;
				CLANG_WARN_EMPTY_BODY = YES;
				CLANG_WARN_ENUM_CONVERSION = YES;
				CLANG_WARN_INFINITE_RECURSION = YES;
				CLANG_WARN_INT_CONVERSION = YES;
				CLANG_WARN_NON_LITERAL_NULL_CONVERSION = YES;
				CLANG_WARN_OBJC_IMPLICIT_RETAIN_SELF = YES;
				CLANG_WARN_OBJC_LITERAL_CONVERSION = YES;
				CLANG_WARN_OBJC_ROOT_CLASS = YES_ERROR;
				CLANG_WARN_QUOTED_INCLUDE_IN_FRAMEWORK_HEADER = YES;
				CLANG_WARN_RANGE_LOOP_ANALYSIS = YES;
				CLANG_WARN_STRICT_PROTOTYPES = YES;
				CLANG_WARN_SUSPICIOUS_MOVE = YES;
				CLANG_WARN_UNGUARDED_AVAILABILITY = YES_AGGRESSIVE;
				CLANG_WARN_UNREACHABLE_CODE = YES;
				CLANG_WARN__DUPLICATE_METHOD_MATCH = YES;
				COPY_PHASE_STRIP = NO;
				DEBUG_INFORMATION_FORMAT = dwarf;
				ENABLE_STRICT_OBJC_MSGSEND = YES;
				ENABLE_TESTABILITY = YES;
				ENABLE_USER_SCRIPT_SANDBOXING = YES;
				GCC_C_LANGUAGE_STANDARD = gnu17;
				GCC_DYNAMIC_NO_PIC = NO;
				GCC_NO_COMMON_BLOCKS = YES;
				GCC_OPTIMIZATION_LEVEL = 0;
				GCC_PREPROCESSOR_DEFINITIONS = (
					"DEBUG=1",
					"$(inherited)",
				);
				GCC_WARN_64_TO_32_BIT_CONVERSION = YES;
				GCC_WARN_ABOUT_RETURN_TYPE = YES_ERROR;
				GCC_WARN_UNDECLARED_SELECTOR = YES;
				GCC_WARN_UNINITIALIZED_AUTOS = YES_AGGRESSIVE;
				GCC_WARN_UNUSED_FUNCTION = YES;
				GCC_WARN_UNUSED_VARIABLE = YES;
				IPHONEOS_DEPLOYMENT_TARGET = 18.2;
				LOCALIZATION_PREFERS_STRING_CATALOGS = YES;
				MTL_ENABLE_DEBUG_INFO = INCLUDE_SOURCE;
				MTL_FAST_MATH = YES;
				ONLY_ACTIVE_ARCH = YES;
				SDKROOT = iphoneos;
				SWIFT_ACTIVE_COMPILATION_CONDITIONS = "DEBUG $(inherited)";
				SWIFT_OPTIMIZATION_LEVEL = "-Onone";
			};
			name = Debug;
		};
		CE4ABC9B2D6EBB6B003C0682 /* Release */ = {
			isa = XCBuildConfiguration;
			buildSettings = {
				ALWAYS_SEARCH_USER_PATHS = NO;
				ASSETCATALOG_COMPILER_GENERATE_SWIFT_ASSET_SYMBOL_EXTENSIONS = YES;
				CLANG_ANALYZER_NONNULL = YES;
				CLANG_ANALYZER_NUMBER_OBJECT_CONVERSION = YES_AGGRESSIVE;
				CLANG_CXX_LANGUAGE_STANDARD = "gnu++20";
				CLANG_ENABLE_MODULES = YES;
				CLANG_ENABLE_OBJC_ARC = YES;
				CLANG_ENABLE_OBJC_WEAK = YES;
				CLANG_WARN_BLOCK_CAPTURE_AUTORELEASING = YES;
				CLANG_WARN_BOOL_CONVERSION = YES;
				CLANG_WARN_COMMA = YES;
				CLANG_WARN_CONSTANT_CONVERSION = YES;
				CLANG_WARN_DEPRECATED_OBJC_IMPLEMENTATIONS = YES;
				CLANG_WARN_DIRECT_OBJC_ISA_USAGE = YES_ERROR;
				CLANG_WARN_DOCUMENTATION_COMMENTS = YES;
				CLANG_WARN_EMPTY_BODY = YES;
				CLANG_WARN_ENUM_CONVERSION = YES;
				CLANG_WARN_INFINITE_RECURSION = YES;
				CLANG_WARN_INT_CONVERSION = YES;
				CLANG_WARN_NON_LITERAL_NULL_CONVERSION = YES;
				CLANG_WARN_OBJC_IMPLICIT_RETAIN_SELF = YES;
				CLANG_WARN_OBJC_LITERAL_CONVERSION = YES;
				CLANG_WARN_OBJC_ROOT_CLASS = YES_ERROR;
				CLANG_WARN_QUOTED_INCLUDE_IN_FRAMEWORK_HEADER = YES;
				CLANG_WARN_RANGE_LOOP_ANALYSIS = YES;
				CLANG_WARN_STRICT_PROTOTYPES = YES;
				CLANG_WARN_SUSPICIOUS_MOVE = YES;
				CLANG_WARN_UNGUARDED_AVAILABILITY = YES_AGGRESSIVE;
				CLANG_WARN_UNREACHABLE_CODE = YES;
				CLANG_WARN__DUPLICATE_METHOD_MATCH = YES;
				COPY_PHASE_STRIP = NO;
				DEBUG_INFORMATION_FORMAT = "dwarf-with-dsym";
				ENABLE_NS_ASSERTIONS = NO;
				ENABLE_STRICT_OBJC_MSGSEND = YES;
				ENABLE_USER_SCRIPT_SANDBOXING = YES;
				GCC_C_LANGUAGE_STANDARD = gnu17;
				GCC_NO_COMMON_BLOCKS = YES;
				GCC_WARN_64_TO_32_BIT_CONVERSION = YES;
				GCC_WARN_ABOUT_RETURN_TYPE = YES_ERROR;
				GCC_WARN_UNDECLARED_SELECTOR = YES;
				GCC_WARN_UNINITIALIZED_AUTOS = YES_AGGRESSIVE;
				GCC_WARN_UNUSED_FUNCTION = YES;
				GCC_WARN_UNUSED_VARIABLE = YES;
				IPHONEOS_DEPLOYMENT_TARGET = 18.2;
				LOCALIZATION_PREFERS_STRING_CATALOGS = YES;
				MTL_ENABLE_DEBUG_INFO = NO;
				MTL_FAST_MATH = YES;
				SDKROOT = iphoneos;
				SWIFT_COMPILATION_MODE = wholemodule;
				VALIDATE_PRODUCT = YES;
			};
			name = Release;
		};
		CE4ABC9D2D6EBB6B003C0682 /* Debug */ = {
			isa = XCBuildConfiguration;
			buildSettings = {
				ASSETCATALOG_COMPILER_APPICON_NAME = AppIcon;
				ASSETCATALOG_COMPILER_GLOBAL_ACCENT_COLOR_NAME = AccentColor;
				CODE_SIGN_STYLE = Automatic;
				CURRENT_PROJECT_VERSION = 1;
				DEVELOPMENT_ASSET_PATHS = "\"SwiftUIToDoList/Preview Content\"";
				ENABLE_PREVIEWS = YES;
				GENERATE_INFOPLIST_FILE = YES;
				INFOPLIST_FILE = SwiftUIToDoList/Info.plist;
				INFOPLIST_KEY_CFBundleDisplayName = "ToDoリスト";
				INFOPLIST_KEY_UIApplicationSceneManifest_Generation = YES;
				INFOPLIST_KEY_UIApplicationSupportsIndirectInputEvents = YES;
				INFOPLIST_KEY_UILaunchStoryboardName = LaunchScreen;
				INFOPLIST_KEY_UIStatusBarHidden = NO;
				INFOPLIST_KEY_UIStatusBarStyle = UIStatusBarStyleLightContent;
				INFOPLIST_KEY_UISupportedInterfaceOrientations = UIInterfaceOrientationPortrait;
				INFOPLIST_KEY_UISupportedInterfaceOrientations_iPad = "UIInterfaceOrientationLandscapeLeft UIInterfaceOrientationLandscapeRight UIInterfaceOrientationPortrait UIInterfaceOrientationPortraitUpsideDown";
				INFOPLIST_KEY_UIUserInterfaceStyle = Light;
				IPHONEOS_DEPLOYMENT_TARGET = 18.0;
				LD_RUNPATH_SEARCH_PATHS = (
					"$(inherited)",
					"@executable_path/Frameworks",
				);
				MARKETING_VERSION = 1.0;
				PRODUCT_BUNDLE_IDENTIFIER = com.udemy.SwiftUIToDoList;
				PRODUCT_NAME = "$(TARGET_NAME)";
				SUPPORTED_PLATFORMS = "iphoneos iphonesimulator";
				SUPPORTS_MACCATALYST = NO;
				SUPPORTS_MAC_DESIGNED_FOR_IPHONE_IPAD = NO;
				SUPPORTS_XR_DESIGNED_FOR_IPHONE_IPAD = NO;
				SWIFT_EMIT_LOC_STRINGS = YES;
				SWIFT_VERSION = 6.0;
				TARGETED_DEVICE_FAMILY = 1;
			};
			name = Debug;
		};
		CE4ABC9E2D6EBB6B003C0682 /* Release */ = {
			isa = XCBuildConfiguration;
			buildSettings = {
				ASSETCATALOG_COMPILER_APPICON_NAME = AppIcon;
				ASSETCATALOG_COMPILER_GLOBAL_ACCENT_COLOR_NAME = AccentColor;
				CODE_SIGN_STYLE = Automatic;
				CURRENT_PROJECT_VERSION = 1;
				DEVELOPMENT_ASSET_PATHS = "\"SwiftUIToDoList/Preview Content\"";
				ENABLE_PREVIEWS = YES;
				GENERATE_INFOPLIST_FILE = YES;
				INFOPLIST_FILE = SwiftUIToDoList/Info.plist;
				INFOPLIST_KEY_CFBundleDisplayName = "ToDoリスト";
				INFOPLIST_KEY_UIApplicationSceneManifest_Generation = YES;
				INFOPLIST_KEY_UIApplicationSupportsIndirectInputEvents = YES;
				INFOPLIST_KEY_UILaunchStoryboardName = LaunchScreen;
				INFOPLIST_KEY_UIStatusBarHidden = NO;
				INFOPLIST_KEY_UIStatusBarStyle = UIStatusBarStyleLightContent;
				INFOPLIST_KEY_UISupportedInterfaceOrientations = UIInterfaceOrientationPortrait;
				INFOPLIST_KEY_UISupportedInterfaceOrientations_iPad = "UIInterfaceOrientationLandscapeLeft UIInterfaceOrientationLandscapeRight UIInterfaceOrientationPortrait UIInterfaceOrientationPortraitUpsideDown";
				INFOPLIST_KEY_UIUserInterfaceStyle = Light;
				IPHONEOS_DEPLOYMENT_TARGET = 18.0;
				LD_RUNPATH_SEARCH_PATHS = (
					"$(inherited)",
					"@executable_path/Frameworks",
				);
				MARKETING_VERSION = 1.0;
				PRODUCT_BUNDLE_IDENTIFIER = com.udemy.SwiftUIToDoList;
				PRODUCT_NAME = "$(TARGET_NAME)";
				SUPPORTED_PLATFORMS = "iphoneos iphonesimulator";
				SUPPORTS_MACCATALYST = NO;
				SUPPORTS_MAC_DESIGNED_FOR_IPHONE_IPAD = NO;
				SUPPORTS_XR_DESIGNED_FOR_IPHONE_IPAD = NO;
				SWIFT_EMIT_LOC_STRINGS = YES;
				SWIFT_VERSION = 6.0;
				TARGETED_DEVICE_FAMILY = 1;
			};
			name = Release;
		};
/* End XCBuildConfiguration section */

/* Begin XCConfigurationList section */
		CE4ABC872D6EBB6B003C0682 /* Build configuration list for PBXProject "SwiftUIToDoList" */ = {
			isa = XCConfigurationList;
			buildConfigurations = (
				CE4ABC9A2D6EBB6B003C0682 /* Debug */,
				CE4ABC9B2D6EBB6B003C0682 /* Release */,
			);
			defaultConfigurationIsVisible = 0;
			defaultConfigurationName = Release;
		};
		CE4ABC9C2D6EBB6B003C0682 /* Build configuration list for PBXNativeTarget "SwiftUIToDoList" */ = {
			isa = XCConfigurationList;
			buildConfigurations = (
				CE4ABC9D2D6EBB6B003C0682 /* Debug */,
				CE4ABC9E2D6EBB6B003C0682 /* Release */,
			);
			defaultConfigurationIsVisible = 0;
			defaultConfigurationName = Release;
		};
/* End XCConfigurationList section */

/* Begin XCRemoteSwiftPackageReference section */
		CE168CAB2D703D090046029B /* XCRemoteSwiftPackageReference "SwiftUITabView" */ = {
			isa = XCRemoteSwiftPackageReference;
			repositoryURL = "https://github.com/sakes9/SwiftUITabView";
			requirement = {
				branch = main;
				kind = branch;
			};
		};
/* End XCRemoteSwiftPackageReference section */

/* Begin XCSwiftPackageProductDependency section */
		CE168CAC2D703D090046029B /* SwiftUITabView */ = {
			isa = XCSwiftPackageProductDependency;
			package = CE168CAB2D703D090046029B /* XCRemoteSwiftPackageReference "SwiftUITabView" */;
			productName = SwiftUITabView;
		};
/* End XCSwiftPackageProductDependency section */
	};
	rootObject = CE4ABC842D6EBB6B003C0682 /* Project object */;
}
